<?xml version="1.0" encoding="utf-8"?>
<Project ToolsVersion="4.0" xmlns="http://schemas.microsoft.com/developer/msbuild/2003">
  <ItemGroup>
    <Filter Include="源文件">
      <UniqueIdentifier>{4FC737F1-C7A5-4376-A066-2A32D752A2FF}</UniqueIdentifier>
      <Extensions>cpp;c;cc;cxx;c++;cppm;ixx;def;odl;idl;hpj;bat;asm;asmx</Extensions>
    </Filter>
    <Filter Include="头文件">
      <UniqueIdentifier>{93995380-89BD-4b04-88EB-625FBE52EBFB}</UniqueIdentifier>
      <Extensions>h;hh;hpp;hxx;h++;hm;inl;inc;ipp;xsd</Extensions>
    </Filter>
    <Filter Include="资源文件">
      <UniqueIdentifier>{67DA6AB6-F800-4c08-8B7A-83BB121AAD01}</UniqueIdentifier>
      <Extensions>rc;ico;cur;bmp;dlg;rc2;rct;bin;rgs;gif;jpg;jpeg;jpe;resx;tiff;tif;png;wav;mfcribbon-ms</Extensions>
    </Filter>
    <Filter Include="模块">
      <UniqueIdentifier>{A1B2C3D4-E5F6-7890-ABCD-EF1234567890}</UniqueIdentifier>
    </Filter>
    <Filter Include="模块\ps">
      <UniqueIdentifier>{B2C3D4E5-F6A7-8901-BCDE-F12345678901}</UniqueIdentifier>
    </Filter>
    <Filter Include="模块\vkray">
      <UniqueIdentifier>{C3D4E5F6-A7B8-9012-CDEF-234567890123}</UniqueIdentifier>
    </Filter>
    <Filter Include="模块\vkray\shaders">
      <UniqueIdentifier>{D4E5F6A7-B8C9-0123-DEFA-345678901234}</UniqueIdentifier>
    </Filter>
  </ItemGroup>
  <ItemGroup>
    <ClCompile Include="src\main.cpp">
      <Filter>源文件</Filter>
    </ClCompile>
    <ClCompile Include="src\shell.cpp">
      <Filter>源文件</Filter>
    </ClCompile>
    <ClCompile Include="src\parser.cpp">
      <Filter>源文件</Filter>
    </ClCompile>
    <ClCompile Include="src\executor.cpp">
      <Filter>源文件</Filter>
    </ClCompile>
    <ClCompile Include="src\module_registry.cpp">
      <Filter>源文件</Filter>
    </ClCompile>
    <ClCompile Include="src\completion.cpp">
      <Filter>源文件</Filter>
    </ClCompile>
    <ClCompile Include="src\highlight.cpp">
      <Filter>源文件</Filter>
    </ClCompile>
    <ClCompile Include="src\line_editor.cpp">
      <Filter>源文件</Filter>
    </ClCompile>
    <ClCompile Include="src\modules\file_module.cpp">
      <Filter>模块</Filter>
    </ClCompile>
    <ClCompile Include="src\modules\system_module.cpp">
      <Filter>模块</Filter>
    </ClCompile>
    <ClCompile Include="src\modules\core_module.cpp">
      <Filter>模块</Filter>
    </ClCompile>
    <ClCompile Include="src\modules\uac_bypass_module.cpp">
      <Filter>模块</Filter>
    </ClCompile>
    <ClCompile Include="src\modules\system_token_module.cpp">
      <Filter>模块</Filter>
    </ClCompile>
    <ClCompile Include="src\modules\driver_module.cpp">
      <Filter>模块</Filter>
    </ClCompile>
    <ClCompile Include="src\modules\ps_module.cpp">
      <Filter>模块</Filter>
    </ClCompile>
    <ClCompile Include="src\modules\ps\ps_common.cpp">
      <Filter>模块\ps</Filter>
    </ClCompile>
    <ClCompile Include="src\modules\ps\ps_collectors.cpp">
      <Filter>模块\ps</Filter>
    </ClCompile>
    <ClCompile Include="src\modules\ps\ps_render.cpp">
      <Filter>模块\ps</Filter>
    </ClCompile>
    <ClCompile Include="src\modules\ps\ps_memory.cpp">
      <Filter>模块\ps</Filter>
    </ClCompile>
    <ClCompile Include="src\modules\ps\ps_tools.cpp">
      <Filter>模块\ps</Filter>
    </ClCompile>
    <ClCompile Include="src\modules\timehack_module.cpp">
      <Filter>模块</Filter>
    </ClCompile>
    <ClCompile Include="src\terminal_printer.cpp">
      <Filter>源文件</Filter>
    </ClCompile>
    <ClCompile Include="src\modules\ti_module.cpp">
      <Filter>源文件</Filter>
    </ClCompile>
    <ClCompile Include="src\modules\privilege_module.cpp">
      <Filter>源文件</Filter>
    </ClCompile>
    <ClCompile Include="src\modules\zs_setting_module.cpp">
      <Filter>源文件</Filter>
    </ClCompile>
    <ClCompile Include="src\modules\typing_module.cpp">
      <Filter>源文件</Filter>
    </ClCompile>
    <ClCompile Include="src\modules\anti_capture_module.cpp">
      <Filter>源文件</Filter>
    </ClCompile>
    <ClCompile Include="src\modules\liquid_module.cpp">
      <Filter>源文件</Filter>
    </ClCompile>
    <ClCompile Include="src\modules\fastfind_module.cpp">
      <Filter>源文件</Filter>
    </ClCompile>
    <ClCompile Include="src\modules\fileop_module.cpp">
      <Filter>源文件</Filter>
    </ClCompile>
    <ClCompile Include="src\modules\ciallo_module.cpp">
      <Filter>源文件</Filter>
    </ClCompile>
    <ClCompile Include="src\modules\gitview_module.cpp">
      <Filter>源文件</Filter>
    </ClCompile>
    <ClCompile Include="src\modules\tray_module.cpp">
      <Filter>源文件</Filter>
    </ClCompile>
    <ClCompile Include="src\modules\mtrail_module.cpp">
      <Filter>源文件</Filter>
    </ClCompile>

    </ClCompile>
    <ClCompile Include="src\modules\vkray_module.cpp">
      <Filter>模块</Filter>
    </ClCompile>
    <ClCompile Include="src\modules\vkray\vkray_window.cpp">
      <Filter>模块\vkray</Filter>
    </ClCompile>
    <ClCompile Include="src\modules\vkray\vkray_renderer.cpp">
      <Filter>模块\vkray</Filter>
    </ClCompile>
    <ClCompile Include="src\modules\vkray\vkray_log_window.cpp">
      <Filter>模块\vkray</Filter>
    </ClCompile>
  </ItemGroup>
  <ItemGroup>
    <ResourceCompile Include="res\resource.rc">
      <Filter>资源文件</Filter>
    </ResourceCompile>
  </ItemGroup>
  <ItemGroup>
    <ClInclude Include="include\shell.h">
      <Filter>头文件</Filter>
    </ClInclude>
    <ClInclude Include="include\parser.h">
      <Filter>头文件</Filter>
    </ClInclude>
    <ClInclude Include="include\executor.h">
      <Filter>头文件</Filter>
    </ClInclude>
    <ClInclude Include="include\module.h">
      <Filter>头文件</Filter>
    </ClInclude>
    <ClInclude Include="include\module_registry.h">
      <Filter>头文件</Filter>
    </ClInclude>
    <ClInclude Include="include\completion.h">
      <Filter>头文件</Filter>
    </ClInclude>
    <ClInclude Include="include\highlight.h">
      <Filter>头文件</Filter>
    </ClInclude>
    <ClInclude Include="include\line_editor.h">
      <Filter>头文件</Filter>
    </ClInclude>
    <ClInclude Include="src\modules\file_module.h">
      <Filter>模块</Filter>
    </ClInclude>
    <ClInclude Include="src\modules\system_module.h">
      <Filter>模块</Filter>
    </ClInclude>
    <ClInclude Include="src\modules\core_module.h">
      <Filter>模块</Filter>
    </ClInclude>
    <ClInclude Include="src\modules\uac_bypass_module.h">
      <Filter>模块</Filter>
    </ClInclude>
    <ClInclude Include="src\modules\system_token_module.h">
      <Filter>模块</Filter>
    </ClInclude>
    <ClInclude Include="src\modules\ti_module.h">
      <Filter>模块</Filter>
    </ClInclude>
    <ClInclude Include="src\modules\driver_module.h">
      <Filter>模块</Filter>
    </ClInclude>
    <ClInclude Include="src\modules\timehack_module.h">
      <Filter>模块</Filter>
    </ClInclude>
    <ClInclude Include="include\terminal_printer.h">
      <Filter>头文件</Filter>
    </ClInclude>
    <ClInclude Include="src\modules\ps_module.h">
      <Filter>模块</Filter>
    </ClInclude>
    <ClInclude Include="src\modules\ps\ps_common.h">
      <Filter>模块\ps</Filter>
    </ClInclude>
    <ClInclude Include="src\modules\ps\ps_collectors.h">
      <Filter>模块\ps</Filter>
    </ClInclude>
    <ClInclude Include="src\modules\ps\ps_render.h">
      <Filter>模块\ps</Filter>
    </ClInclude>
    <ClInclude Include="src\modules\ps\ps_memory.h">
      <Filter>模块\ps</Filter>
    </ClInclude>
    <ClInclude Include="src\modules\ps\ps_tools.h">
      <Filter>模块\ps</Filter>
    </ClInclude>
    <ClInclude Include="src\modules\privilege_module.h">
      <Filter>头文件</Filter>
    </ClInclude>
    <ClInclude Include="src\modules\zs_setting_module.h">
      <Filter>头文件</Filter>
    </ClInclude>
    <ClInclude Include="src\modules\typing_module.h">
      <Filter>头文件</Filter>
    </ClInclude>
    <ClInclude Include="src\modules\anti_capture_module.h">
      <Filter>头文件</Filter>
    </ClInclude>
    <ClInclude Include="src\modules\liquid_module.h">
      <Filter>头文件</Filter>
    </ClInclude>
    <ClInclude Include="src\modules\fastfind_module.h">
      <Filter>头文件</Filter>
    </ClInclude>
    <ClInclude Include="src\modules\ciallo_module.h">
      <Filter>头文件</Filter>
    </ClInclude>
    <ClInclude Include="src\modules\tray_module.h">
      <Filter>头文件</Filter>
    </ClInclude>
    <ClInclude Include="include\modules\fileop_module.h">
      <Filter>头文件</Filter>
    </ClInclude>
    <ClInclude Include="src\modules\vkray_module.h">
      <Filter>模块</Filter>
    </ClInclude>
    <ClInclude Include="src\modules\vkray\vkray_window.h">
      <Filter>模块\vkray</Filter>
    </ClInclude>
    <ClInclude Include="src\modules\vkray\vkray_renderer.h">
      <Filter>模块\vkray</Filter>
    </ClInclude>
    <ClInclude Include="src\modules\vkray\vkray_scene.h">
      <Filter>模块\vkray</Filter>
    </ClInclude>
    <ClInclude Include="src\modules\vkray\vkray_log_window.h">
      <Filter>模块\vkray</Filter>
    </ClInclude>
  </ItemGroup>
  <ItemGroup>
    <None Include="src\modules\vkray\shaders\pathtracer.comp">
      <Filter>模块\vkray\shaders</Filter>
    </None>
    <None Include="src\modules\vkray\shaders\present.vert">
      <Filter>模块\vkray\shaders</Filter>
    </None>
    <None Include="src\modules\vkray\shaders\present.frag">
      <Filter>模块\vkray\shaders</Filter>
    </None>
    <None Include="src\modules\vkray\compile_shaders.bat">
      <Filter>模块\vkray</Filter>
    </None>
  </ItemGroup>
</Project>